{
  "name": "adventofcode-2021",
  "lockfileVersion": 2,
  "requires": true,
  "packages": {
    "": {
      "dependencies": {
        "@bloomberg/record-tuple-polyfill": "^0.0.4"
      }
    },
    "node_modules/@bloomberg/record-tuple-polyfill": {
      "version": "0.0.4",
      "resolved": "https://registry.npmjs.org/@bloomberg/record-tuple-polyfill/-/record-tuple-polyfill-0.0.4.tgz",
      "integrity": "sha512-h0OYmPR3A5Dfbetra/GzxBAzQk8sH7LhRkRUTdagX6nrtlUgJGYCTv4bBK33jsTQw9HDd8PE2x1Ma+iRKEDUsw=="
    }
  },
  "dependencies": {
    "@bloomberg/record-tuple-polyfill": {
      "version": "0.0.4",
      "resolved": "https://registry.npmjs.org/@bloomberg/record-tuple-polyfill/-/record-tuple-polyfill-0.0.4.tgz",
      "integrity": "sha512-h0OYmPR3A5Dfbetra/GzxBAzQk8sH7LhRkRUTdagX6nrtlUgJGYCTv4bBK33jsTQw9HDd8PE2x1Ma+iRKEDUsw=="
    }
  }
}
